
Microsoft Visual Studio Solution File, Format Version 12.00
# Visual Studio 14
VisualStudioVersion = 14.0.25420.1
MinimumVisualStudioVersion = 10.0.40219.1
Project("{FAE04EC0-301F-11D3-BF4B-00C04F79EFBC}") = "CodeAtlasVSIX", "CodeAtlasVSIX\CodeAtlasVSIX.csproj", "{8EFC2CBA-9D21-4F04-AC71-26DA2622E24B}"
	ProjectSection(ProjectDependencies) = postProject
		{415D3E3F-7105-46C1-84D2-7ECB34213D92} = {415D3E3F-7105-46C1-84D2-7ECB34213D92}
		{B76F8F71-4B00-4242-BE36-C9F0732511F7} = {B76F8F71-4B00-4242-BE36-C9F0732511F7}
	EndProjectSection
EndProject
Project("{FAE04EC0-301F-11D3-BF4B-00C04F79EFBC}") = "CodeView", "CodeView\CodeView.csproj", "{D0E8CAC0-1AC9-42A2-813B-156A6DF160A1}"
EndProject
Project("{FAE04EC0-301F-11D3-BF4B-00C04F79EFBC}") = "Msagl", "GraphLayout\GraphLayout\MSAGL\Msagl.csproj", "{415D3E3F-7105-46C1-84D2-7ECB34213D92}"
EndProject
Project("{FAE04EC0-301F-11D3-BF4B-00C04F79EFBC}") = "drawing", "GraphLayout\GraphLayout\Drawing\drawing.csproj", "{B76F8F71-4B00-4242-BE36-C9F0732511F7}"
EndProject
Global
	GlobalSection(SolutionConfigurationPlatforms) = preSolution
		CutRelease|Any CPU = CutRelease|Any CPU
		CutRelease|x64 = CutRelease|x64
		CutRelease|x86 = CutRelease|x86
		Debug Surface Graph Viewer|Any CPU = Debug Surface Graph Viewer|Any CPU
		Debug Surface Graph Viewer|x64 = Debug Surface Graph Viewer|x64
		Debug Surface Graph Viewer|x86 = Debug Surface Graph Viewer|x86
		Debug|Any CPU = Debug|Any CPU
		Debug|x64 = Debug|x64
		Debug|x86 = Debug|x86
		DebugDevTrace|Any CPU = DebugDevTrace|Any CPU
		DebugDevTrace|x64 = DebugDevTrace|x64
		DebugDevTrace|x86 = DebugDevTrace|x86
		DebugSurface|Any CPU = DebugSurface|Any CPU
		DebugSurface|x64 = DebugSurface|x64
		DebugSurface|x86 = DebugSurface|x86
		DebugWithoutRebuild|Any CPU = DebugWithoutRebuild|Any CPU
		DebugWithoutRebuild|x64 = DebugWithoutRebuild|x64
		DebugWithoutRebuild|x86 = DebugWithoutRebuild|x86
		MinimalMsagl|Any CPU = MinimalMsagl|Any CPU
		MinimalMsagl|x64 = MinimalMsagl|x64
		MinimalMsagl|x86 = MinimalMsagl|x86
		Release|Any CPU = Release|Any CPU
		Release|x64 = Release|x64
		Release|x86 = Release|x86
		Retail|Any CPU = Retail|Any CPU
		Retail|x64 = Retail|x64
		Retail|x86 = Retail|x86
		Setup|Any CPU = Setup|Any CPU
		Setup|x64 = Setup|x64
		Setup|x86 = Setup|x86
		Surface Graph Viewer - Debug|Any CPU = Surface Graph Viewer - Debug|Any CPU
		Surface Graph Viewer - Debug|x64 = Surface Graph Viewer - Debug|x64
		Surface Graph Viewer - Debug|x86 = Surface Graph Viewer - Debug|x86
		Surface Graph Viewer - Release|Any CPU = Surface Graph Viewer - Release|Any CPU
		Surface Graph Viewer - Release|x64 = Surface Graph Viewer - Release|x64
		Surface Graph Viewer - Release|x86 = Surface Graph Viewer - Release|x86
	EndGlobalSection
	GlobalSection(ProjectConfigurationPlatforms) = postSolution
		{8EFC2CBA-9D21-4F04-AC71-26DA2622E24B}.CutRelease|Any CPU.ActiveCfg = Release|Any CPU
		{8EFC2CBA-9D21-4F04-AC71-26DA2622E24B}.CutRelease|Any CPU.Build.0 = Release|Any CPU
		{8EFC2CBA-9D21-4F04-AC71-26DA2622E24B}.CutRelease|x64.ActiveCfg = Release|Any CPU
		{8EFC2CBA-9D21-4F04-AC71-26DA2622E24B}.CutRelease|x64.Build.0 = Release|Any CPU
		{8EFC2CBA-9D21-4F04-AC71-26DA2622E24B}.CutRelease|x86.ActiveCfg = Release|Any CPU
		{8EFC2CBA-9D21-4F04-AC71-26DA2622E24B}.CutRelease|x86.Build.0 = Release|Any CPU
		{8EFC2CBA-9D21-4F04-AC71-26DA2622E24B}.Debug Surface Graph Viewer|Any CPU.ActiveCfg = Debug|Any CPU
		{8EFC2CBA-9D21-4F04-AC71-26DA2622E24B}.Debug Surface Graph Viewer|Any CPU.Build.0 = Debug|Any CPU
		{8EFC2CBA-9D21-4F04-AC71-26DA2622E24B}.Debug Surface Graph Viewer|x64.ActiveCfg = Debug|Any CPU
		{8EFC2CBA-9D21-4F04-AC71-26DA2622E24B}.Debug Surface Graph Viewer|x64.Build.0 = Debug|Any CPU
		{8EFC2CBA-9D21-4F04-AC71-26DA2622E24B}.Debug Surface Graph Viewer|x86.ActiveCfg = Debug|Any CPU
		{8EFC2CBA-9D21-4F04-AC71-26DA2622E24B}.Debug Surface Graph Viewer|x86.Build.0 = Debug|Any CPU
		{8EFC2CBA-9D21-4F04-AC71-26DA2622E24B}.Debug|Any CPU.ActiveCfg = Debug|Any CPU
		{8EFC2CBA-9D21-4F04-AC71-26DA2622E24B}.Debug|Any CPU.Build.0 = Debug|Any CPU
		{8EFC2CBA-9D21-4F04-AC71-26DA2622E24B}.Debug|x64.ActiveCfg = Debug|Any CPU
		{8EFC2CBA-9D21-4F04-AC71-26DA2622E24B}.Debug|x64.Build.0 = Debug|Any CPU
		{8EFC2CBA-9D21-4F04-AC71-26DA2622E24B}.Debug|x86.ActiveCfg = Debug|Any CPU
		{8EFC2CBA-9D21-4F04-AC71-26DA2622E24B}.Debug|x86.Build.0 = Debug|Any CPU
		{8EFC2CBA-9D21-4F04-AC71-26DA2622E24B}.DebugDevTrace|Any CPU.ActiveCfg = Debug|Any CPU
		{8EFC2CBA-9D21-4F04-AC71-26DA2622E24B}.DebugDevTrace|Any CPU.Build.0 = Debug|Any CPU
		{8EFC2CBA-9D21-4F04-AC71-26DA2622E24B}.DebugDevTrace|x64.ActiveCfg = Debug|Any CPU
		{8EFC2CBA-9D21-4F04-AC71-26DA2622E24B}.DebugDevTrace|x64.Build.0 = Debug|Any CPU
		{8EFC2CBA-9D21-4F04-AC71-26DA2622E24B}.DebugDevTrace|x86.ActiveCfg = Debug|Any CPU
		{8EFC2CBA-9D21-4F04-AC71-26DA2622E24B}.DebugDevTrace|x86.Build.0 = Debug|Any CPU
		{8EFC2CBA-9D21-4F04-AC71-26DA2622E24B}.DebugSurface|Any CPU.ActiveCfg = Debug|Any CPU
		{8EFC2CBA-9D21-4F04-AC71-26DA2622E24B}.DebugSurface|Any CPU.Build.0 = Debug|Any CPU
		{8EFC2CBA-9D21-4F04-AC71-26DA2622E24B}.DebugSurface|x64.ActiveCfg = Debug|Any CPU
		{8EFC2CBA-9D21-4F04-AC71-26DA2622E24B}.DebugSurface|x64.Build.0 = Debug|Any CPU
		{8EFC2CBA-9D21-4F04-AC71-26DA2622E24B}.DebugSurface|x86.ActiveCfg = Debug|Any CPU
		{8EFC2CBA-9D21-4F04-AC71-26DA2622E24B}.DebugSurface|x86.Build.0 = Debug|Any CPU
		{8EFC2CBA-9D21-4F04-AC71-26DA2622E24B}.DebugWithoutRebuild|Any CPU.ActiveCfg = Debug|Any CPU
		{8EFC2CBA-9D21-4F04-AC71-26DA2622E24B}.DebugWithoutRebuild|Any CPU.Build.0 = Debug|Any CPU
		{8EFC2CBA-9D21-4F04-AC71-26DA2622E24B}.DebugWithoutRebuild|x64.ActiveCfg = Debug|Any CPU
		{8EFC2CBA-9D21-4F04-AC71-26DA2622E24B}.DebugWithoutRebuild|x64.Build.0 = Debug|Any CPU
		{8EFC2CBA-9D21-4F04-AC71-26DA2622E24B}.DebugWithoutRebuild|x86.ActiveCfg = Debug|Any CPU
		{8EFC2CBA-9D21-4F04-AC71-26DA2622E24B}.DebugWithoutRebuild|x86.Build.0 = Debug|Any CPU
		{8EFC2CBA-9D21-4F04-AC71-26DA2622E24B}.MinimalMsagl|Any CPU.ActiveCfg = Release|Any CPU
		{8EFC2CBA-9D21-4F04-AC71-26DA2622E24B}.MinimalMsagl|Any CPU.Build.0 = Release|Any CPU
		{8EFC2CBA-9D21-4F04-AC71-26DA2622E24B}.MinimalMsagl|x64.ActiveCfg = Release|Any CPU
		{8EFC2CBA-9D21-4F04-AC71-26DA2622E24B}.MinimalMsagl|x64.Build.0 = Release|Any CPU
		{8EFC2CBA-9D21-4F04-AC71-26DA2622E24B}.MinimalMsagl|x86.ActiveCfg = Release|Any CPU
		{8EFC2CBA-9D21-4F04-AC71-26DA2622E24B}.MinimalMsagl|x86.Build.0 = Release|Any CPU
		{8EFC2CBA-9D21-4F04-AC71-26DA2622E24B}.Release|Any CPU.ActiveCfg = Release|Any CPU
		{8EFC2CBA-9D21-4F04-AC71-26DA2622E24B}.Release|Any CPU.Build.0 = Release|Any CPU
		{8EFC2CBA-9D21-4F04-AC71-26DA2622E24B}.Release|x64.ActiveCfg = Release|Any CPU
		{8EFC2CBA-9D21-4F04-AC71-26DA2622E24B}.Release|x64.Build.0 = Release|Any CPU
		{8EFC2CBA-9D21-4F04-AC71-26DA2622E24B}.Release|x86.ActiveCfg = Release|Any CPU
		{8EFC2CBA-9D21-4F04-AC71-26DA2622E24B}.Release|x86.Build.0 = Release|Any CPU
		{8EFC2CBA-9D21-4F04-AC71-26DA2622E24B}.Retail|Any CPU.ActiveCfg = Release|Any CPU
		{8EFC2CBA-9D21-4F04-AC71-26DA2622E24B}.Retail|Any CPU.Build.0 = Release|Any CPU
		{8EFC2CBA-9D21-4F04-AC71-26DA2622E24B}.Retail|x64.ActiveCfg = Release|Any CPU
		{8EFC2CBA-9D21-4F04-AC71-26DA2622E24B}.Retail|x64.Build.0 = Release|Any CPU
		{8EFC2CBA-9D21-4F04-AC71-26DA2622E24B}.Retail|x86.ActiveCfg = Release|Any CPU
		{8EFC2CBA-9D21-4F04-AC71-26DA2622E24B}.Retail|x86.Build.0 = Release|Any CPU
		{8EFC2CBA-9D21-4F04-AC71-26DA2622E24B}.Setup|Any CPU.ActiveCfg = Release|Any CPU
		{8EFC2CBA-9D21-4F04-AC71-26DA2622E24B}.Setup|Any CPU.Build.0 = Release|Any CPU
		{8EFC2CBA-9D21-4F04-AC71-26DA2622E24B}.Setup|x64.ActiveCfg = Release|Any CPU
		{8EFC2CBA-9D21-4F04-AC71-26DA2622E24B}.Setup|x64.Build.0 = Release|Any CPU
		{8EFC2CBA-9D21-4F04-AC71-26DA2622E24B}.Setup|x86.ActiveCfg = Release|Any CPU
		{8EFC2CBA-9D21-4F04-AC71-26DA2622E24B}.Setup|x86.Build.0 = Release|Any CPU
		{8EFC2CBA-9D21-4F04-AC71-26DA2622E24B}.Surface Graph Viewer - Debug|Any CPU.ActiveCfg = Debug|Any CPU
		{8EFC2CBA-9D21-4F04-AC71-26DA2622E24B}.Surface Graph Viewer - Debug|Any CPU.Build.0 = Debug|Any CPU
		{8EFC2CBA-9D21-4F04-AC71-26DA2622E24B}.Surface Graph Viewer - Debug|x64.ActiveCfg = Debug|Any CPU
		{8EFC2CBA-9D21-4F04-AC71-26DA2622E24B}.Surface Graph Viewer - Debug|x64.Build.0 = Debug|Any CPU
		{8EFC2CBA-9D21-4F04-AC71-26DA2622E24B}.Surface Graph Viewer - Debug|x86.ActiveCfg = Debug|Any CPU
		{8EFC2CBA-9D21-4F04-AC71-26DA2622E24B}.Surface Graph Viewer - Debug|x86.Build.0 = Debug|Any CPU
		{8EFC2CBA-9D21-4F04-AC71-26DA2622E24B}.Surface Graph Viewer - Release|Any CPU.ActiveCfg = Release|Any CPU
		{8EFC2CBA-9D21-4F04-AC71-26DA2622E24B}.Surface Graph Viewer - Release|Any CPU.Build.0 = Release|Any CPU
		{8EFC2CBA-9D21-4F04-AC71-26DA2622E24B}.Surface Graph Viewer - Release|x64.ActiveCfg = Release|Any CPU
		{8EFC2CBA-9D21-4F04-AC71-26DA2622E24B}.Surface Graph Viewer - Release|x64.Build.0 = Release|Any CPU
		{8EFC2CBA-9D21-4F04-AC71-26DA2622E24B}.Surface Graph Viewer - Release|x86.ActiveCfg = Release|Any CPU
		{8EFC2CBA-9D21-4F04-AC71-26DA2622E24B}.Surface Graph Viewer - Release|x86.Build.0 = Release|Any CPU
		{D0E8CAC0-1AC9-42A2-813B-156A6DF160A1}.CutRelease|Any CPU.ActiveCfg = Release|Any CPU
		{D0E8CAC0-1AC9-42A2-813B-156A6DF160A1}.CutRelease|Any CPU.Build.0 = Release|Any CPU
		{D0E8CAC0-1AC9-42A2-813B-156A6DF160A1}.CutRelease|x64.ActiveCfg = Release|Any CPU
		{D0E8CAC0-1AC9-42A2-813B-156A6DF160A1}.CutRelease|x64.Build.0 = Release|Any CPU
		{D0E8CAC0-1AC9-42A2-813B-156A6DF160A1}.CutRelease|x86.ActiveCfg = Release|Any CPU
		{D0E8CAC0-1AC9-42A2-813B-156A6DF160A1}.CutRelease|x86.Build.0 = Release|Any CPU
		{D0E8CAC0-1AC9-42A2-813B-156A6DF160A1}.Debug Surface Graph Viewer|Any CPU.ActiveCfg = Debug|Any CPU
		{D0E8CAC0-1AC9-42A2-813B-156A6DF160A1}.Debug Surface Graph Viewer|Any CPU.Build.0 = Debug|Any CPU
		{D0E8CAC0-1AC9-42A2-813B-156A6DF160A1}.Debug Surface Graph Viewer|x64.ActiveCfg = Debug|Any CPU
		{D0E8CAC0-1AC9-42A2-813B-156A6DF160A1}.Debug Surface Graph Viewer|x64.Build.0 = Debug|Any CPU
		{D0E8CAC0-1AC9-42A2-813B-156A6DF160A1}.Debug Surface Graph Viewer|x86.ActiveCfg = Debug|Any CPU
		{D0E8CAC0-1AC9-42A2-813B-156A6DF160A1}.Debug Surface Graph Viewer|x86.Build.0 = Debug|Any CPU
		{D0E8CAC0-1AC9-42A2-813B-156A6DF160A1}.Debug|Any CPU.ActiveCfg = Debug|Any CPU
		{D0E8CAC0-1AC9-42A2-813B-156A6DF160A1}.Debug|Any CPU.Build.0 = Debug|Any CPU
		{D0E8CAC0-1AC9-42A2-813B-156A6DF160A1}.Debug|x64.ActiveCfg = Debug|Any CPU
		{D0E8CAC0-1AC9-42A2-813B-156A6DF160A1}.Debug|x64.Build.0 = Debug|Any CPU
		{D0E8CAC0-1AC9-42A2-813B-156A6DF160A1}.Debug|x86.ActiveCfg = Debug|Any CPU
		{D0E8CAC0-1AC9-42A2-813B-156A6DF160A1}.Debug|x86.Build.0 = Debug|Any CPU
		{D0E8CAC0-1AC9-42A2-813B-156A6DF160A1}.DebugDevTrace|Any CPU.ActiveCfg = Debug|Any CPU
		{D0E8CAC0-1AC9-42A2-813B-156A6DF160A1}.DebugDevTrace|Any CPU.Build.0 = Debug|Any CPU
		{D0E8CAC0-1AC9-42A2-813B-156A6DF160A1}.DebugDevTrace|x64.ActiveCfg = Debug|Any CPU
		{D0E8CAC0-1AC9-42A2-813B-156A6DF160A1}.DebugDevTrace|x64.Build.0 = Debug|Any CPU
		{D0E8CAC0-1AC9-42A2-813B-156A6DF160A1}.DebugDevTrace|x86.ActiveCfg = Debug|Any CPU
		{D0E8CAC0-1AC9-42A2-813B-156A6DF160A1}.DebugDevTrace|x86.Build.0 = Debug|Any CPU
		{D0E8CAC0-1AC9-42A2-813B-156A6DF160A1}.DebugSurface|Any CPU.ActiveCfg = Debug|Any CPU
		{D0E8CAC0-1AC9-42A2-813B-156A6DF160A1}.DebugSurface|Any CPU.Build.0 = Debug|Any CPU
		{D0E8CAC0-1AC9-42A2-813B-156A6DF160A1}.DebugSurface|x64.ActiveCfg = Debug|Any CPU
		{D0E8CAC0-1AC9-42A2-813B-156A6DF160A1}.DebugSurface|x64.Build.0 = Debug|Any CPU
		{D0E8CAC0-1AC9-42A2-813B-156A6DF160A1}.DebugSurface|x86.ActiveCfg = Debug|Any CPU
		{D0E8CAC0-1AC9-42A2-813B-156A6DF160A1}.DebugSurface|x86.Build.0 = Debug|Any CPU
		{D0E8CAC0-1AC9-42A2-813B-156A6DF160A1}.DebugWithoutRebuild|Any CPU.ActiveCfg = Debug|Any CPU
		{D0E8CAC0-1AC9-42A2-813B-156A6DF160A1}.DebugWithoutRebuild|Any CPU.Build.0 = Debug|Any CPU
		{D0E8CAC0-1AC9-42A2-813B-156A6DF160A1}.DebugWithoutRebuild|x64.ActiveCfg = Debug|Any CPU
		{D0E8CAC0-1AC9-42A2-813B-156A6DF160A1}.DebugWithoutRebuild|x64.Build.0 = Debug|Any CPU
		{D0E8CAC0-1AC9-42A2-813B-156A6DF160A1}.DebugWithoutRebuild|x86.ActiveCfg = Debug|Any CPU
		{D0E8CAC0-1AC9-42A2-813B-156A6DF160A1}.DebugWithoutRebuild|x86.Build.0 = Debug|Any CPU
		{D0E8CAC0-1AC9-42A2-813B-156A6DF160A1}.MinimalMsagl|Any CPU.ActiveCfg = Release|Any CPU
		{D0E8CAC0-1AC9-42A2-813B-156A6DF160A1}.MinimalMsagl|Any CPU.Build.0 = Release|Any CPU
		{D0E8CAC0-1AC9-42A2-813B-156A6DF160A1}.MinimalMsagl|x64.ActiveCfg = Release|Any CPU
		{D0E8CAC0-1AC9-42A2-813B-156A6DF160A1}.MinimalMsagl|x64.Build.0 = Release|Any CPU
		{D0E8CAC0-1AC9-42A2-813B-156A6DF160A1}.MinimalMsagl|x86.ActiveCfg = Release|Any CPU
		{D0E8CAC0-1AC9-42A2-813B-156A6DF160A1}.MinimalMsagl|x86.Build.0 = Release|Any CPU
		{D0E8CAC0-1AC9-42A2-813B-156A6DF160A1}.Release|Any CPU.ActiveCfg = Release|Any CPU
		{D0E8CAC0-1AC9-42A2-813B-156A6DF160A1}.Release|Any CPU.Build.0 = Release|Any CPU
		{D0E8CAC0-1AC9-42A2-813B-156A6DF160A1}.Release|x64.ActiveCfg = Release|Any CPU
		{D0E8CAC0-1AC9-42A2-813B-156A6DF160A1}.Release|x64.Build.0 = Release|Any CPU
		{D0E8CAC0-1AC9-42A2-813B-156A6DF160A1}.Release|x86.ActiveCfg = Release|Any CPU
		{D0E8CAC0-1AC9-42A2-813B-156A6DF160A1}.Release|x86.Build.0 = Release|Any CPU
		{D0E8CAC0-1AC9-42A2-813B-156A6DF160A1}.Retail|Any CPU.ActiveCfg = Release|Any CPU
		{D0E8CAC0-1AC9-42A2-813B-156A6DF160A1}.Retail|Any CPU.Build.0 = Release|Any CPU
		{D0E8CAC0-1AC9-42A2-813B-156A6DF160A1}.Retail|x64.ActiveCfg = Release|Any CPU
		{D0E8CAC0-1AC9-42A2-813B-156A6DF160A1}.Retail|x64.Build.0 = Release|Any CPU
		{D0E8CAC0-1AC9-42A2-813B-156A6DF160A1}.Retail|x86.ActiveCfg = Release|Any CPU
		{D0E8CAC0-1AC9-42A2-813B-156A6DF160A1}.Retail|x86.Build.0 = Release|Any CPU
		{D0E8CAC0-1AC9-42A2-813B-156A6DF160A1}.Setup|Any CPU.ActiveCfg = Release|Any CPU
		{D0E8CAC0-1AC9-42A2-813B-156A6DF160A1}.Setup|Any CPU.Build.0 = Release|Any CPU
		{D0E8CAC0-1AC9-42A2-813B-156A6DF160A1}.Setup|x64.ActiveCfg = Release|Any CPU
		{D0E8CAC0-1AC9-42A2-813B-156A6DF160A1}.Setup|x64.Build.0 = Release|Any CPU
		{D0E8CAC0-1AC9-42A2-813B-156A6DF160A1}.Setup|x86.ActiveCfg = Release|Any CPU
		{D0E8CAC0-1AC9-42A2-813B-156A6DF160A1}.Setup|x86.Build.0 = Release|Any CPU
		{D0E8CAC0-1AC9-42A2-813B-156A6DF160A1}.Surface Graph Viewer - Debug|Any CPU.ActiveCfg = Debug|Any CPU
		{D0E8CAC0-1AC9-42A2-813B-156A6DF160A1}.Surface Graph Viewer - Debug|Any CPU.Build.0 = Debug|Any CPU
		{D0E8CAC0-1AC9-42A2-813B-156A6DF160A1}.Surface Graph Viewer - Debug|x64.ActiveCfg = Debug|Any CPU
		{D0E8CAC0-1AC9-42A2-813B-156A6DF160A1}.Surface Graph Viewer - Debug|x64.Build.0 = Debug|Any CPU
		{D0E8CAC0-1AC9-42A2-813B-156A6DF160A1}.Surface Graph Viewer - Debug|x86.ActiveCfg = Debug|Any CPU
		{D0E8CAC0-1AC9-42A2-813B-156A6DF160A1}.Surface Graph Viewer - Debug|x86.Build.0 = Debug|Any CPU
		{D0E8CAC0-1AC9-42A2-813B-156A6DF160A1}.Surface Graph Viewer - Release|Any CPU.ActiveCfg = Release|Any CPU
		{D0E8CAC0-1AC9-42A2-813B-156A6DF160A1}.Surface Graph Viewer - Release|Any CPU.Build.0 = Release|Any CPU
		{D0E8CAC0-1AC9-42A2-813B-156A6DF160A1}.Surface Graph Viewer - Release|x64.ActiveCfg = Release|Any CPU
		{D0E8CAC0-1AC9-42A2-813B-156A6DF160A1}.Surface Graph Viewer - Release|x64.Build.0 = Release|Any CPU
		{D0E8CAC0-1AC9-42A2-813B-156A6DF160A1}.Surface Graph Viewer - Release|x86.ActiveCfg = Release|Any CPU
		{D0E8CAC0-1AC9-42A2-813B-156A6DF160A1}.Surface Graph Viewer - Release|x86.Build.0 = Release|Any CPU
		{415D3E3F-7105-46C1-84D2-7ECB34213D92}.CutRelease|Any CPU.ActiveCfg = Release|Any CPU
		{415D3E3F-7105-46C1-84D2-7ECB34213D92}.CutRelease|Any CPU.Build.0 = Release|Any CPU
		{415D3E3F-7105-46C1-84D2-7ECB34213D92}.CutRelease|x64.ActiveCfg = Release|x64
		{415D3E3F-7105-46C1-84D2-7ECB34213D92}.CutRelease|x64.Build.0 = Release|x64
		{415D3E3F-7105-46C1-84D2-7ECB34213D92}.CutRelease|x86.ActiveCfg = Release|x86
		{415D3E3F-7105-46C1-84D2-7ECB34213D92}.CutRelease|x86.Build.0 = Release|x86
		{415D3E3F-7105-46C1-84D2-7ECB34213D92}.Debug Surface Graph Viewer|Any CPU.ActiveCfg = DebugDevTrace|Any CPU
		{415D3E3F-7105-46C1-84D2-7ECB34213D92}.Debug Surface Graph Viewer|Any CPU.Build.0 = DebugDevTrace|Any CPU
		{415D3E3F-7105-46C1-84D2-7ECB34213D92}.Debug Surface Graph Viewer|x64.ActiveCfg = DebugDevTrace|x64
		{415D3E3F-7105-46C1-84D2-7ECB34213D92}.Debug Surface Graph Viewer|x64.Build.0 = DebugDevTrace|x64
		{415D3E3F-7105-46C1-84D2-7ECB34213D92}.Debug Surface Graph Viewer|x86.ActiveCfg = DebugDevTrace|x86
		{415D3E3F-7105-46C1-84D2-7ECB34213D92}.Debug Surface Graph Viewer|x86.Build.0 = DebugDevTrace|x86
		{415D3E3F-7105-46C1-84D2-7ECB34213D92}.Debug|Any CPU.ActiveCfg = Debug|Any CPU
		{415D3E3F-7105-46C1-84D2-7ECB34213D92}.Debug|Any CPU.Build.0 = Debug|Any CPU
		{415D3E3F-7105-46C1-84D2-7ECB34213D92}.Debug|x64.ActiveCfg = Debug|x64
		{415D3E3F-7105-46C1-84D2-7ECB34213D92}.Debug|x64.Build.0 = Debug|x64
		{415D3E3F-7105-46C1-84D2-7ECB34213D92}.Debug|x86.ActiveCfg = Debug|x86
		{415D3E3F-7105-46C1-84D2-7ECB34213D92}.Debug|x86.Build.0 = Debug|x86
		{415D3E3F-7105-46C1-84D2-7ECB34213D92}.DebugDevTrace|Any CPU.ActiveCfg = DebugDevTrace|Any CPU
		{415D3E3F-7105-46C1-84D2-7ECB34213D92}.DebugDevTrace|Any CPU.Build.0 = DebugDevTrace|Any CPU
		{415D3E3F-7105-46C1-84D2-7ECB34213D92}.DebugDevTrace|x64.ActiveCfg = DebugDevTrace|x64
		{415D3E3F-7105-46C1-84D2-7ECB34213D92}.DebugDevTrace|x64.Build.0 = DebugDevTrace|x64
		{415D3E3F-7105-46C1-84D2-7ECB34213D92}.DebugDevTrace|x86.ActiveCfg = DebugDevTrace|x86
		{415D3E3F-7105-46C1-84D2-7ECB34213D92}.DebugDevTrace|x86.Build.0 = DebugDevTrace|x86
		{415D3E3F-7105-46C1-84D2-7ECB34213D92}.DebugSurface|Any CPU.ActiveCfg = DebugDevTrace|Any CPU
		{415D3E3F-7105-46C1-84D2-7ECB34213D92}.DebugSurface|Any CPU.Build.0 = DebugDevTrace|Any CPU
		{415D3E3F-7105-46C1-84D2-7ECB34213D92}.DebugSurface|x64.ActiveCfg = DebugDevTrace|x64
		{415D3E3F-7105-46C1-84D2-7ECB34213D92}.DebugSurface|x64.Build.0 = DebugDevTrace|x64
		{415D3E3F-7105-46C1-84D2-7ECB34213D92}.DebugSurface|x86.ActiveCfg = DebugDevTrace|x86
		{415D3E3F-7105-46C1-84D2-7ECB34213D92}.DebugSurface|x86.Build.0 = DebugDevTrace|x86
		{415D3E3F-7105-46C1-84D2-7ECB34213D92}.DebugWithoutRebuild|Any CPU.ActiveCfg = DebugDevTrace|Any CPU
		{415D3E3F-7105-46C1-84D2-7ECB34213D92}.DebugWithoutRebuild|Any CPU.Build.0 = DebugDevTrace|Any CPU
		{415D3E3F-7105-46C1-84D2-7ECB34213D92}.DebugWithoutRebuild|x64.ActiveCfg = DebugDevTrace|x64
		{415D3E3F-7105-46C1-84D2-7ECB34213D92}.DebugWithoutRebuild|x64.Build.0 = DebugDevTrace|x64
		{415D3E3F-7105-46C1-84D2-7ECB34213D92}.DebugWithoutRebuild|x86.ActiveCfg = DebugDevTrace|x86
		{415D3E3F-7105-46C1-84D2-7ECB34213D92}.DebugWithoutRebuild|x86.Build.0 = DebugDevTrace|x86
		{415D3E3F-7105-46C1-84D2-7ECB34213D92}.MinimalMsagl|Any CPU.ActiveCfg = DebugDevTrace|Any CPU
		{415D3E3F-7105-46C1-84D2-7ECB34213D92}.MinimalMsagl|Any CPU.Build.0 = DebugDevTrace|Any CPU
		{415D3E3F-7105-46C1-84D2-7ECB34213D92}.MinimalMsagl|x64.ActiveCfg = DebugDevTrace|x64
		{415D3E3F-7105-46C1-84D2-7ECB34213D92}.MinimalMsagl|x64.Build.0 = DebugDevTrace|x64
		{415D3E3F-7105-46C1-84D2-7ECB34213D92}.MinimalMsagl|x86.ActiveCfg = DebugDevTrace|x86
		{415D3E3F-7105-46C1-84D2-7ECB34213D92}.MinimalMsagl|x86.Build.0 = DebugDevTrace|x86
		{415D3E3F-7105-46C1-84D2-7ECB34213D92}.Release|Any CPU.ActiveCfg = Release|Any CPU
		{415D3E3F-7105-46C1-84D2-7ECB34213D92}.Release|Any CPU.Build.0 = Release|Any CPU
		{415D3E3F-7105-46C1-84D2-7ECB34213D92}.Release|x64.ActiveCfg = Release|x64
		{415D3E3F-7105-46C1-84D2-7ECB34213D92}.Release|x64.Build.0 = Release|x64
		{415D3E3F-7105-46C1-84D2-7ECB34213D92}.Release|x86.ActiveCfg = Release|x86
		{415D3E3F-7105-46C1-84D2-7ECB34213D92}.Release|x86.Build.0 = Release|x86
		{415D3E3F-7105-46C1-84D2-7ECB34213D92}.Retail|Any CPU.ActiveCfg = Release|Any CPU
		{415D3E3F-7105-46C1-84D2-7ECB34213D92}.Retail|Any CPU.Build.0 = Release|Any CPU
		{415D3E3F-7105-46C1-84D2-7ECB34213D92}.Retail|x64.ActiveCfg = Release|x64
		{415D3E3F-7105-46C1-84D2-7ECB34213D92}.Retail|x64.Build.0 = Release|x64
		{415D3E3F-7105-46C1-84D2-7ECB34213D92}.Retail|x86.ActiveCfg = Release|x86
		{415D3E3F-7105-46C1-84D2-7ECB34213D92}.Retail|x86.Build.0 = Release|x86
		{415D3E3F-7105-46C1-84D2-7ECB34213D92}.Setup|Any CPU.ActiveCfg = DebugDevTrace|Any CPU
		{415D3E3F-7105-46C1-84D2-7ECB34213D92}.Setup|Any CPU.Build.0 = DebugDevTrace|Any CPU
		{415D3E3F-7105-46C1-84D2-7ECB34213D92}.Setup|x64.ActiveCfg = DebugDevTrace|x64
		{415D3E3F-7105-46C1-84D2-7ECB34213D92}.Setup|x64.Build.0 = DebugDevTrace|x64
		{415D3E3F-7105-46C1-84D2-7ECB34213D92}.Setup|x86.ActiveCfg = DebugDevTrace|x86
		{415D3E3F-7105-46C1-84D2-7ECB34213D92}.Setup|x86.Build.0 = DebugDevTrace|x86
		{415D3E3F-7105-46C1-84D2-7ECB34213D92}.Surface Graph Viewer - Debug|Any CPU.ActiveCfg = Debug|Any CPU
		{415D3E3F-7105-46C1-84D2-7ECB34213D92}.Surface Graph Viewer - Debug|Any CPU.Build.0 = Debug|Any CPU
		{415D3E3F-7105-46C1-84D2-7ECB34213D92}.Surface Graph Viewer - Debug|x64.ActiveCfg = Debug|x64
		{415D3E3F-7105-46C1-84D2-7ECB34213D92}.Surface Graph Viewer - Debug|x64.Build.0 = Debug|x64
		{415D3E3F-7105-46C1-84D2-7ECB34213D92}.Surface Graph Viewer - Debug|x86.ActiveCfg = Debug|x86
		{415D3E3F-7105-46C1-84D2-7ECB34213D92}.Surface Graph Viewer - Debug|x86.Build.0 = Debug|x86
		{415D3E3F-7105-46C1-84D2-7ECB34213D92}.Surface Graph Viewer - Release|Any CPU.ActiveCfg = Release|Any CPU
		{415D3E3F-7105-46C1-84D2-7ECB34213D92}.Surface Graph Viewer - Release|Any CPU.Build.0 = Release|Any CPU
		{415D3E3F-7105-46C1-84D2-7ECB34213D92}.Surface Graph Viewer - Release|x64.ActiveCfg = Release|x64
		{415D3E3F-7105-46C1-84D2-7ECB34213D92}.Surface Graph Viewer - Release|x64.Build.0 = Release|x64
		{415D3E3F-7105-46C1-84D2-7ECB34213D92}.Surface Graph Viewer - Release|x86.ActiveCfg = Release|x86
		{415D3E3F-7105-46C1-84D2-7ECB34213D92}.Surface Graph Viewer - Release|x86.Build.0 = Release|x86
		{B76F8F71-4B00-4242-BE36-C9F0732511F7}.CutRelease|Any CPU.ActiveCfg = CutRelease|Any CPU
		{B76F8F71-4B00-4242-BE36-C9F0732511F7}.CutRelease|Any CPU.Build.0 = CutRelease|Any CPU
		{B76F8F71-4B00-4242-BE36-C9F0732511F7}.CutRelease|x64.ActiveCfg = CutRelease|x64
		{B76F8F71-4B00-4242-BE36-C9F0732511F7}.CutRelease|x64.Build.0 = CutRelease|x64
		{B76F8F71-4B00-4242-BE36-C9F0732511F7}.CutRelease|x86.ActiveCfg = CutRelease|x86
		{B76F8F71-4B00-4242-BE36-C9F0732511F7}.CutRelease|x86.Build.0 = CutRelease|x86
		{B76F8F71-4B00-4242-BE36-C9F0732511F7}.Debug Surface Graph Viewer|Any CPU.ActiveCfg = Debug Surface Graph Viewer|Any CPU
		{B76F8F71-4B00-4242-BE36-C9F0732511F7}.Debug Surface Graph Viewer|Any CPU.Build.0 = Debug Surface Graph Viewer|Any CPU
		{B76F8F71-4B00-4242-BE36-C9F0732511F7}.Debug Surface Graph Viewer|x64.ActiveCfg = Debug Surface Graph Viewer|x64
		{B76F8F71-4B00-4242-BE36-C9F0732511F7}.Debug Surface Graph Viewer|x64.Build.0 = Debug Surface Graph Viewer|x64
		{B76F8F71-4B00-4242-BE36-C9F0732511F7}.Debug Surface Graph Viewer|x86.ActiveCfg = Debug Surface Graph Viewer|x86
		{B76F8F71-4B00-4242-BE36-C9F0732511F7}.Debug Surface Graph Viewer|x86.Build.0 = Debug Surface Graph Viewer|x86
		{B76F8F71-4B00-4242-BE36-C9F0732511F7}.Debug|Any CPU.ActiveCfg = Debug|Any CPU
		{B76F8F71-4B00-4242-BE36-C9F0732511F7}.Debug|Any CPU.Build.0 = Debug|Any CPU
		{B76F8F71-4B00-4242-BE36-C9F0732511F7}.Debug|x64.ActiveCfg = Debug|x64
		{B76F8F71-4B00-4242-BE36-C9F0732511F7}.Debug|x64.Build.0 = Debug|x64
		{B76F8F71-4B00-4242-BE36-C9F0732511F7}.Debug|x86.ActiveCfg = Debug|x86
		{B76F8F71-4B00-4242-BE36-C9F0732511F7}.Debug|x86.Build.0 = Debug|x86
		{B76F8F71-4B00-4242-BE36-C9F0732511F7}.DebugDevTrace|Any CPU.ActiveCfg = DebugDevTrace|Any CPU
		{B76F8F71-4B00-4242-BE36-C9F0732511F7}.DebugDevTrace|Any CPU.Build.0 = DebugDevTrace|Any CPU
		{B76F8F71-4B00-4242-BE36-C9F0732511F7}.DebugDevTrace|x64.ActiveCfg = DebugDevTrace|x64
		{B76F8F71-4B00-4242-BE36-C9F0732511F7}.DebugDevTrace|x64.Build.0 = DebugDevTrace|x64
		{B76F8F71-4B00-4242-BE36-C9F0732511F7}.DebugDevTrace|x86.ActiveCfg = DebugDevTrace|x86
		{B76F8F71-4B00-4242-BE36-C9F0732511F7}.DebugDevTrace|x86.Build.0 = DebugDevTrace|x86
		{B76F8F71-4B00-4242-BE36-C9F0732511F7}.DebugSurface|Any CPU.ActiveCfg = DebugSurface|Any CPU
		{B76F8F71-4B00-4242-BE36-C9F0732511F7}.DebugSurface|Any CPU.Build.0 = DebugSurface|Any CPU
		{B76F8F71-4B00-4242-BE36-C9F0732511F7}.DebugSurface|x64.ActiveCfg = DebugSurface|x64
		{B76F8F71-4B00-4242-BE36-C9F0732511F7}.DebugSurface|x64.Build.0 = DebugSurface|x64
		{B76F8F71-4B00-4242-BE36-C9F0732511F7}.DebugSurface|x86.ActiveCfg = DebugSurface|x86
		{B76F8F71-4B00-4242-BE36-C9F0732511F7}.DebugSurface|x86.Build.0 = DebugSurface|x86
		{B76F8F71-4B00-4242-BE36-C9F0732511F7}.DebugWithoutRebuild|Any CPU.ActiveCfg = DebugWithoutRebuild|Any CPU
		{B76F8F71-4B00-4242-BE36-C9F0732511F7}.DebugWithoutRebuild|Any CPU.Build.0 = DebugWithoutRebuild|Any CPU
		{B76F8F71-4B00-4242-BE36-C9F0732511F7}.DebugWithoutRebuild|x64.ActiveCfg = DebugWithoutRebuild|x64
		{B76F8F71-4B00-4242-BE36-C9F0732511F7}.DebugWithoutRebuild|x64.Build.0 = DebugWithoutRebuild|x64
		{B76F8F71-4B00-4242-BE36-C9F0732511F7}.DebugWithoutRebuild|x86.ActiveCfg = DebugWithoutRebuild|x86
		{B76F8F71-4B00-4242-BE36-C9F0732511F7}.DebugWithoutRebuild|x86.Build.0 = DebugWithoutRebuild|x86
		{B76F8F71-4B00-4242-BE36-C9F0732511F7}.MinimalMsagl|Any CPU.ActiveCfg = MinimalMsagl|Any CPU
		{B76F8F71-4B00-4242-BE36-C9F0732511F7}.MinimalMsagl|Any CPU.Build.0 = MinimalMsagl|Any CPU
		{B76F8F71-4B00-4242-BE36-C9F0732511F7}.MinimalMsagl|x64.ActiveCfg = MinimalMsagl|x64
		{B76F8F71-4B00-4242-BE36-C9F0732511F7}.MinimalMsagl|x64.Build.0 = MinimalMsagl|x64
		{B76F8F71-4B00-4242-BE36-C9F0732511F7}.MinimalMsagl|x86.ActiveCfg = MinimalMsagl|x86
		{B76F8F71-4B00-4242-BE36-C9F0732511F7}.MinimalMsagl|x86.Build.0 = MinimalMsagl|x86
		{B76F8F71-4B00-4242-BE36-C9F0732511F7}.Release|Any CPU.ActiveCfg = Release|Any CPU
		{B76F8F71-4B00-4242-BE36-C9F0732511F7}.Release|Any CPU.Build.0 = Release|Any CPU
		{B76F8F71-4B00-4242-BE36-C9F0732511F7}.Release|x64.ActiveCfg = Release|x64
		{B76F8F71-4B00-4242-BE36-C9F0732511F7}.Release|x64.Build.0 = Release|x64
		{B76F8F71-4B00-4242-BE36-C9F0732511F7}.Release|x86.ActiveCfg = Release|x86
		{B76F8F71-4B00-4242-BE36-C9F0732511F7}.Release|x86.Build.0 = Release|x86
		{B76F8F71-4B00-4242-BE36-C9F0732511F7}.Retail|Any CPU.ActiveCfg = Retail|Any CPU
		{B76F8F71-4B00-4242-BE36-C9F0732511F7}.Retail|Any CPU.Build.0 = Retail|Any CPU
		{B76F8F71-4B00-4242-BE36-C9F0732511F7}.Retail|x64.ActiveCfg = Retail|x64
		{B76F8F71-4B00-4242-BE36-C9F0732511F7}.Retail|x64.Build.0 = Retail|x64
		{B76F8F71-4B00-4242-BE36-C9F0732511F7}.Retail|x86.ActiveCfg = Retail|x86
		{B76F8F71-4B00-4242-BE36-C9F0732511F7}.Retail|x86.Build.0 = Retail|x86
		{B76F8F71-4B00-4242-BE36-C9F0732511F7}.Setup|Any CPU.ActiveCfg = Setup|Any CPU
		{B76F8F71-4B00-4242-BE36-C9F0732511F7}.Setup|Any CPU.Build.0 = Setup|Any CPU
		{B76F8F71-4B00-4242-BE36-C9F0732511F7}.Setup|x64.ActiveCfg = Setup|x64
		{B76F8F71-4B00-4242-BE36-C9F0732511F7}.Setup|x64.Build.0 = Setup|x64
		{B76F8F71-4B00-4242-BE36-C9F0732511F7}.Setup|x86.ActiveCfg = Setup|x86
		{B76F8F71-4B00-4242-BE36-C9F0732511F7}.Setup|x86.Build.0 = Setup|x86
		{B76F8F71-4B00-4242-BE36-C9F0732511F7}.Surface Graph Viewer - Debug|Any CPU.ActiveCfg = Surface Graph Viewer - Debug|Any CPU
		{B76F8F71-4B00-4242-BE36-C9F0732511F7}.Surface Graph Viewer - Debug|Any CPU.Build.0 = Surface Graph Viewer - Debug|Any CPU
		{B76F8F71-4B00-4242-BE36-C9F0732511F7}.Surface Graph Viewer - Debug|x64.ActiveCfg = Surface Graph Viewer - Debug|x64
		{B76F8F71-4B00-4242-BE36-C9F0732511F7}.Surface Graph Viewer - Debug|x64.Build.0 = Surface Graph Viewer - Debug|x64
		{B76F8F71-4B00-4242-BE36-C9F0732511F7}.Surface Graph Viewer - Debug|x86.ActiveCfg = Surface Graph Viewer - Debug|x86
		{B76F8F71-4B00-4242-BE36-C9F0732511F7}.Surface Graph Viewer - Debug|x86.Build.0 = Surface Graph Viewer - Debug|x86
		{B76F8F71-4B00-4242-BE36-C9F0732511F7}.Surface Graph Viewer - Release|Any CPU.ActiveCfg = Surface Graph Viewer - Release|Any CPU
		{B76F8F71-4B00-4242-BE36-C9F0732511F7}.Surface Graph Viewer - Release|Any CPU.Build.0 = Surface Graph Viewer - Release|Any CPU
		{B76F8F71-4B00-4242-BE36-C9F0732511F7}.Surface Graph Viewer - Release|x64.ActiveCfg = Surface Graph Viewer - Release|x64
		{B76F8F71-4B00-4242-BE36-C9F0732511F7}.Surface Graph Viewer - Release|x64.Build.0 = Surface Graph Viewer - Release|x64
		{B76F8F71-4B00-4242-BE36-C9F0732511F7}.Surface Graph Viewer - Release|x86.ActiveCfg = Surface Graph Viewer - Release|x86
		{B76F8F71-4B00-4242-BE36-C9F0732511F7}.Surface Graph Viewer - Release|x86.Build.0 = Surface Graph Viewer - Release|x86
	EndGlobalSection
	GlobalSection(SolutionProperties) = preSolution
		HideSolutionNode = FALSE
	EndGlobalSection
EndGlobal
